
Microsoft Visual Studio Solution File, Format Version 12.00
# Visual Studio 15
VisualStudioVersion = 15.0.27004.2006
MinimumVisualStudioVersion = 10.0.40219.1
Project("{FAE04EC0-301F-11D3-BF4B-00C04F79EFBC}") = "Kudu2SlackFuncApp", "Kudu2SlackFuncApp\Kudu2SlackFuncApp.csproj", "{30629526-C243-4DD2-AD02-B6118598FBA3}"
EndProject
Global
	GlobalSection(SolutionConfigurationPlatforms) = preSolution
		Debug|Any CPU = Debug|Any CPU
		Release|Any CPU = Release|Any CPU
	EndGlobalSection
	GlobalSection(ProjectConfigurationPlatforms) = postSolution
		{30629526-C243-4DD2-AD02-B6118598FBA3}.Debug|Any CPU.ActiveCfg = Debug|Any CPU
		{30629526-C243-4DD2-AD02-B6118598FBA3}.Debug|Any CPU.Build.0 = Debug|Any CPU
		{30629526-C243-4DD2-AD02-B6118598FBA3}.Release|Any CPU.ActiveCfg = Release|Any CPU
		{30629526-C243-4DD2-AD02-B6118598FBA3}.Release|Any CPU.Build.0 = Release|Any CPU
	EndGlobalSection
	GlobalSection(SolutionProperties) = preSolution
		HideSolutionNode = FALSE
	EndGlobalSection
	GlobalSection(ExtensibilityGlobals) = postSolution
		SolutionGuid = {23248054-9C53-484B-87A5-D8843C7D88D7}
	EndGlobalSection
EndGlobal
